PODS:
  - Flutter (1.0.0)
  - GoogleMaps (2.6.0):
    - GoogleMaps/Maps (= 2.6.0)
  - GoogleMaps/Base (2.6.0)
  - GoogleMaps/Maps (2.6.0):
    - GoogleMaps/Base
  - map_view (0.0.1):
    - Flutter
    - GoogleMaps

DEPENDENCIES:
  - Flutter (from `Pods/.symlinks/flutter/ios`)
  - map_view (from `Pods/.symlinks/plugins/map_view/ios`)

SPEC REPOS:
  https://github.com/CocoaPods/Specs.git:
    - GoogleMaps

EXTERNAL SOURCES:
  Flutter:
    :path: Pods/.symlinks/flutter/ios
  map_view:
    :path: Pods/.symlinks/plugins/map_view/ios

SPEC CHECKSUMS:
  Flutter: 9d0fac939486c9aba2809b7982dfdbb47a7b0296
  GoogleMaps: 42f91c68b7fa2f84d5c86597b18ceb99f5414c7f
  map_view: da5875d2bc7b2871e4b7ed3e9e8e4509fc62d7bd

PODFILE CHECKSUM: 13dcf421f4da2e937a57e8ba760ed880beae536f

COCOAPODS: 1.5.0
